{
  "name": "@cjsify/p-limit",
  "version": "4.0.0",
  "lockfileVersion": 2,
  "requires": true,
  "packages": {
    "": {
      "name": "@cjsify/p-limit",
      "version": "4.0.0",
      "license": "MIT",
      "dependencies": {
        "@cjsify/yocto-queue": "^1.0.0"
      }
    },
    "node_modules/@cjsify/yocto-queue": {
      "version": "1.0.0",
      "resolved": "https://registry.npmjs.org/@cjsify/yocto-queue/-/yocto-queue-1.0.0.tgz",
      "integrity": "sha512-69KYxP6q+i2hb/QM/TSrnNojP8c1xTgipnEqj/nm81goEsgXmkwxbcKtA1C7QtMJVx+gymIcJBq0pEWUiemEhg=="
    }
  },
  "dependencies": {
    "@cjsify/yocto-queue": {
      "version": "1.0.0",
      "resolved": "https://registry.npmjs.org/@cjsify/yocto-queue/-/yocto-queue-1.0.0.tgz",
      "integrity": "sha512-69KYxP6q+i2hb/QM/TSrnNojP8c1xTgipnEqj/nm81goEsgXmkwxbcKtA1C7QtMJVx+gymIcJBq0pEWUiemEhg=="
    }
  }
}
